// !$*UTF8*$!
{
	archiveVersion = 1;
	classes = {
	};
	objectVersion = 50;
	objects = {

/* Begin PBXBuildFile section */
		E50EB47B228C8F9D00A0803D /* AppDelegate.swift in Sources */ = {isa = PBXBuildFile; fileRef = E50EB47A228C8F9D00A0803D /* AppDelegate.swift */; };
		E50EB47D228C8F9D00A0803D /* art.scnassets in Resources */ = {isa = PBXBuildFile; fileRef = E50EB47C228C8F9D00A0803D /* art.scnassets */; };
		E50EB47F228C8F9D00A0803D /* ViewController.swift in Sources */ = {isa = PBXBuildFile; fileRef = E50EB47E228C8F9D00A0803D /* ViewController.swift */; };
		E50EB482228C8F9D00A0803D /* Main.storyboard in Resources */ = {isa = PBXBuildFile; fileRef = E50EB480228C8F9D00A0803D /* Main.storyboard */; };
		E50EB484228C8FA100A0803D /* Assets.xcassets in Resources */ = {isa = PBXBuildFile; fileRef = E50EB483228C8FA100A0803D /* Assets.xcassets */; };
		E50EB487228C8FA100A0803D /* LaunchScreen.storyboard in Resources */ = {isa = PBXBuildFile; fileRef = E50EB485228C8FA100A0803D /* LaunchScreen.storyboard */; };
		E5432E62246349F9006DDDDE /* CalculatingDistance.swift in Sources */ = {isa = PBXBuildFile; fileRef = E5432E61246349F9006DDDDE /* CalculatingDistance.swift */; };
		E57D1101229325BD00CE4CD4 /* ARSceneManager.swift in Sources */ = {isa = PBXBuildFile; fileRef = E57D1100229325BC00CE4CD4 /* ARSceneManager.swift */; };
		E57D1103229776B800CE4CD4 /* Plane.swift in Sources */ = {isa = PBXBuildFile; fileRef = E57D1102229776B800CE4CD4 /* Plane.swift */; };
		E57D11052297796600CE4CD4 /* GridMaterial.swift in Sources */ = {isa = PBXBuildFile; fileRef = E57D11042297796600CE4CD4 /* GridMaterial.swift */; };
/* End PBXBuildFile section */

/* Begin PBXFileReference section */
		E50EB477228C8F9D00A0803D /* Detect-Objects-In-Path.app */ = {isa = PBXFileReference; explicitFileType = wrapper.application; includeInIndex = 0; path = "Detect-Objects-In-Path.app"; sourceTree = BUILT_PRODUCTS_DIR; };
		E50EB47A228C8F9D00A0803D /* AppDelegate.swift */ = {isa = PBXFileReference; lastKnownFileType = sourcecode.swift; path = AppDelegate.swift; sourceTree = "<group>"; };
		E50EB47C228C8F9D00A0803D /* art.scnassets */ = {isa = PBXFileReference; lastKnownFileType = wrapper.scnassets; path = art.scnassets; sourceTree = "<group>"; };
		E50EB47E228C8F9D00A0803D /* ViewController.swift */ = {isa = PBXFileReference; lastKnownFileType = sourcecode.swift; path = ViewController.swift; sourceTree = "<group>"; };
		E50EB481228C8F9D00A0803D /* Base */ = {isa = PBXFileReference; lastKnownFileType = file.storyboard; name = Base; path = Base.lproj/Main.storyboard; sourceTree = "<group>"; };
		E50EB483228C8FA100A0803D /* Assets.xcassets */ = {isa = PBXFileReference; lastKnownFileType = folder.assetcatalog; path = Assets.xcassets; sourceTree = "<group>"; };
		E50EB486228C8FA100A0803D /* Base */ = {isa = PBXFileReference; lastKnownFileType = file.storyboard; name = Base; path = Base.lproj/LaunchScreen.storyboard; sourceTree = "<group>"; };
		E50EB488228C8FA100A0803D /* Info.plist */ = {isa = PBXFileReference; lastKnownFileType = text.plist.xml; path = Info.plist; sourceTree = "<group>"; };
		E5432E61246349F9006DDDDE /* CalculatingDistance.swift */ = {isa = PBXFileReference; lastKnownFileType = sourcecode.swift; path = CalculatingDistance.swift; sourceTree = "<group>"; };
		E57D1100229325BC00CE4CD4 /* ARSceneManager.swift */ = {isa = PBXFileReference; lastKnownFileType = sourcecode.swift; path = ARSceneManager.swift; sourceTree = "<group>"; };
		E57D1102229776B800CE4CD4 /* Plane.swift */ = {isa = PBXFileReference; lastKnownFileType = sourcecode.swift; path = Plane.swift; sourceTree = "<group>"; };
		E57D11042297796600CE4CD4 /* GridMaterial.swift */ = {isa = PBXFileReference; lastKnownFileType = sourcecode.swift; path = GridMaterial.swift; sourceTree = "<group>"; };
/* End PBXFileReference section */

/* Begin PBXFrameworksBuildPhase section */
		E50EB474228C8F9D00A0803D /* Frameworks */ = {
			isa = PBXFrameworksBuildPhase;
			buildActionMask = 2147483647;
			files = (
			);
			runOnlyForDeploymentPostprocessing = 0;
		};
/* End PBXFrameworksBuildPhase section */

/* Begin PBXGroup section */
		E50EB46E228C8F9D00A0803D = {
			isa = PBXGroup;
			children = (
				E50EB479228C8F9D00A0803D /* Detect-Objects-In-Path */,
				E50EB478228C8F9D00A0803D /* Products */,
			);
			sourceTree = "<group>";
		};
		E50EB478228C8F9D00A0803D /* Products */ = {
			isa = PBXGroup;
			children = (
				E50EB477228C8F9D00A0803D /* Detect-Objects-In-Path.app */,
			);
			name = Products;
			sourceTree = "<group>";
		};
		E50EB479228C8F9D00A0803D /* Detect-Objects-In-Path */ = {
			isa = PBXGroup;
			children = (
				E50EB480228C8F9D00A0803D /* Main.storyboard */,
				E50EB47A228C8F9D00A0803D /* AppDelegate.swift */,
				E50EB47E228C8F9D00A0803D /* ViewController.swift */,
				E57D1100229325BC00CE4CD4 /* ARSceneManager.swift */,
				E5432E61246349F9006DDDDE /* CalculatingDistance.swift */,
				E57D1102229776B800CE4CD4 /* Plane.swift */,
				E57D11042297796600CE4CD4 /* GridMaterial.swift */,
				E50EB47C228C8F9D00A0803D /* art.scnassets */,
				E50EB483228C8FA100A0803D /* Assets.xcassets */,
				E50EB485228C8FA100A0803D /* LaunchScreen.storyboard */,
				E50EB488228C8FA100A0803D /* Info.plist */,
			);
			path = "Detect-Objects-In-Path";
			sourceTree = "<group>";
		};
/* End PBXGroup section */

/* Begin PBXNativeTarget section */
		E50EB476228C8F9D00A0803D /* Detect-Objects-In-Path */ = {
			isa = PBXNativeTarget;
			buildConfigurationList = E50EB48B228C8FA100A0803D /* Build configuration list for PBXNativeTarget "Detect-Objects-In-Path" */;
			buildPhases = (
				E50EB473228C8F9D00A0803D /* Sources */,
				E50EB474228C8F9D00A0803D /* Frameworks */,
				E50EB475228C8F9D00A0803D /* Resources */,
			);
			buildRules = (
			);
			dependencies = (
			);
			name = "Detect-Objects-In-Path";
			productName = "Detect-Objects-In-Path";
			productReference = E50EB477228C8F9D00A0803D /* Detect-Objects-In-Path.app */;
			productType = "com.apple.product-type.application";
		};
/* End PBXNativeTarget section */

/* Begin PBXProject section */
		E50EB46F228C8F9D00A0803D /* Project object */ = {
			isa = PBXProject;
			attributes = {
				LastSwiftUpdateCheck = 1020;
				LastUpgradeCheck = 1020;
				ORGANIZATIONNAME = "Zane Hankin";
				TargetAttributes = {
					E50EB476228C8F9D00A0803D = {
						CreatedOnToolsVersion = 10.2.1;
					};
				};
			};
			buildConfigurationList = E50EB472228C8F9D00A0803D /* Build configuration list for PBXProject "Detect-Objects-In-Path" */;
			compatibilityVersion = "Xcode 9.3";
			developmentRegion = en;
			hasScannedForEncodings = 0;
			knownRegions = (
				en,
				Base,
			);
			mainGroup = E50EB46E228C8F9D00A0803D;
			productRefGroup = E50EB478228C8F9D00A0803D /* Products */;
			projectDirPath = "";
			projectRoot = "";
			targets = (
				E50EB476228C8F9D00A0803D /* Detect-Objects-In-Path */,
			);
		};
/* End PBXProject section */

/* Begin PBXResourcesBuildPhase section */
		E50EB475228C8F9D00A0803D /* Resources */ = {
			isa = PBXResourcesBuildPhase;
			buildActionMask = 2147483647;
			files = (
				E50EB47D228C8F9D00A0803D /* art.scnassets in Resources */,
				E50EB487228C8FA100A0803D /* LaunchScreen.storyboard in Resources */,
				E50EB484228C8FA100A0803D /* Assets.xcassets in Resources */,
				E50EB482228C8F9D00A0803D /* Main.storyboard in Resources */,
			);
			runOnlyForDeploymentPostprocessing = 0;
		};
/* End PBXResourcesBuildPhase section */

/* Begin PBXSourcesBuildPhase section */
		E50EB473228C8F9D00A0803D /* Sources */ = {
			isa = PBXSourcesBuildPhase;
			buildActionMask = 2147483647;
			files = (
				E5432E62246349F9006DDDDE /* CalculatingDistance.swift in Sources */,
				E57D11052297796600CE4CD4 /* GridMaterial.swift in Sources */,
				E57D1101229325BD00CE4CD4 /* ARSceneManager.swift in Sources */,
				E50EB47F228C8F9D00A0803D /* ViewController.swift in Sources */,
				E57D1103229776B800CE4CD4 /* Plane.swift in Sources */,
				E50EB47B228C8F9D00A0803D /* AppDelegate.swift in Sources */,
			);
			runOnlyForDeploymentPostprocessing = 0;
		};
/* End PBXSourcesBuildPhase section */

/* Begin PBXVariantGroup section */
		E50EB480228C8F9D00A0803D /* Main.storyboard */ = {
			isa = PBXVariantGroup;
			children = (
				E50EB481228C8F9D00A0803D /* Base */,
			);
			name = Main.storyboard;
			sourceTree = "<group>";
		};
		E50EB485228C8FA100A0803D /* LaunchScreen.storyboard */ = {
			isa = PBXVariantGroup;
			children = (
				E50EB486228C8FA100A0803D /* Base */,
			);
			name = LaunchScreen.storyboard;
			sourceTree = "<group>";
		};
/* End PBXVariantGroup section */

/* Begin XCBuildConfiguration section */
		E50EB489228C8FA100A0803D /* Debug */ = {
			isa = XCBuildConfiguration;
			buildSettings = {
				ALWAYS_SEARCH_USER_PATHS = NO;
				CLANG_ANALYZER_NONNULL = YES;
				CLANG_ANALYZER_NUMBER_OBJECT_CONVERSION = YES_AGGRESSIVE;
				CLANG_CXX_LANGUAGE_STANDARD = "gnu++14";
				CLANG_CXX_LIBRARY = "libc++";
				CLANG_ENABLE_MODULES = YES;
				CLANG_ENABLE_OBJC_ARC = YES;
				CLANG_ENABLE_OBJC_WEAK = YES;
				CLANG_WARN_BLOCK_CAPTURE_AUTORELEASING = YES;
				CLANG_WARN_BOOL_CONVERSION = YES;
				CLANG_WARN_COMMA = YES;
				CLANG_WARN_CONSTANT_CONVERSION = YES;
				CLANG_WARN_DEPRECATED_OBJC_IMPLEMENTATIONS = YES;
				CLANG_WARN_DIRECT_OBJC_ISA_USAGE = YES_ERROR;
				CLANG_WARN_DOCUMENTATION_COMMENTS = YES;
				CLANG_WARN_EMPTY_BODY = YES;
				CLANG_WARN_ENUM_CONVERSION = YES;
				CLANG_WARN_INFINITE_RECURSION = YES;
				CLANG_WARN_INT_CONVERSION = YES;
				CLANG_WARN_NON_LITERAL_NULL_CONVERSION = YES;
				CLANG_WARN_OBJC_IMPLICIT_RETAIN_SELF = YES;
				CLANG_WARN_OBJC_LITERAL_CONVERSION = YES;
				CLANG_WARN_OBJC_ROOT_CLASS = YES_ERROR;
				CLANG_WARN_RANGE_LOOP_ANALYSIS = YES;
				CLANG_WARN_STRICT_PROTOTYPES = YES;
				CLANG_WARN_SUSPICIOUS_MOVE = YES;
				CLANG_WARN_UNGUARDED_AVAILABILITY = YES_AGGRESSIVE;
				CLANG_WARN_UNREACHABLE_CODE = YES;
				CLANG_WARN__DUPLICATE_METHOD_MATCH = YES;
				CODE_SIGN_IDENTITY = "iPhone Developer";
				COPY_PHASE_STRIP = NO;
				DEBUG_INFORMATION_FORMAT = dwarf;
				ENABLE_STRICT_OBJC_MSGSEND = YES;
				ENABLE_TESTABILITY = YES;
				GCC_C_LANGUAGE_STANDARD = gnu11;
				GCC_DYNAMIC_NO_PIC = NO;
				GCC_NO_COMMON_BLOCKS = YES;
				GCC_OPTIMIZATION_LEVEL = 0;
				GCC_PREPROCESSOR_DEFINITIONS = (
					"DEBUG=1",
					"$(inherited)",
				);
				GCC_WARN_64_TO_32_BIT_CONVERSION = YES;
				GCC_WARN_ABOUT_RETURN_TYPE = YES_ERROR;
				GCC_WARN_UNDECLARED_SELECTOR = YES;
				GCC_WARN_UNINITIALIZED_AUTOS = YES_AGGRESSIVE;
				GCC_WARN_UNUSED_FUNCTION = YES;
				GCC_WARN_UNUSED_VARIABLE = YES;
				IPHONEOS_DEPLOYMENT_TARGET = 12.2;
				MTL_ENABLE_DEBUG_INFO = INCLUDE_SOURCE;
				MTL_FAST_MATH = YES;
				ONLY_ACTIVE_ARCH = YES;
				SDKROOT = iphoneos;
				SWIFT_ACTIVE_COMPILATION_CONDITIONS = DEBUG;
				SWIFT_OPTIMIZATION_LEVEL = "-Onone";
			};
			name = Debug;
		};
		E50EB48A228C8FA100A0803D /* Release */ = {
			isa = XCBuildConfiguration;
			buildSettings = {
				ALWAYS_SEARCH_USER_PATHS = NO;
				CLANG_ANALYZER_NONNULL = YES;
				CLANG_ANALYZER_NUMBER_OBJECT_CONVERSION = YES_AGGRESSIVE;
				CLANG_CXX_LANGUAGE_STANDARD = "gnu++14";
				CLANG_CXX_LIBRARY = "libc++";
				CLANG_ENABLE_MODULES = YES;
				CLANG_ENABLE_OBJC_ARC = YES;
				CLANG_ENABLE_OBJC_WEAK = YES;
				CLANG_WARN_BLOCK_CAPTURE_AUTORELEASING = YES;
				CLANG_WARN_BOOL_CONVERSION = YES;
				CLANG_WARN_COMMA = YES;
				CLANG_WARN_CONSTANT_CONVERSION = YES;
				CLANG_WARN_DEPRECATED_OBJC_IMPLEMENTATIONS = YES;
				CLANG_WARN_DIRECT_OBJC_ISA_USAGE = YES_ERROR;
				CLANG_WARN_DOCUMENTATION_COMMENTS = YES;
				CLANG_WARN_EMPTY_BODY = YES;
				CLANG_WARN_ENUM_CONVERSION = YES;
				CLANG_WARN_INFINITE_RECURSION = YES;
				CLANG_WARN_INT_CONVERSION = YES;
				CLANG_WARN_NON_LITERAL_NULL_CONVERSION = YES;
				CLANG_WARN_OBJC_IMPLICIT_RETAIN_SELF = YES;
				CLANG_WARN_OBJC_LITERAL_CONVERSION = YES;
				CLANG_WARN_OBJC_ROOT_CLASS = YES_ERROR;
				CLANG_WARN_RANGE_LOOP_ANALYSIS = YES;
				CLANG_WARN_STRICT_PROTOTYPES = YES;
				CLANG_WARN_SUSPICIOUS_MOVE = YES;
				CLANG_WARN_UNGUARDED_AVAILABILITY = YES_AGGRESSIVE;
				CLANG_WARN_UNREACHABLE_CODE = YES;
				CLANG_WARN__DUPLICATE_METHOD_MATCH = YES;
				CODE_SIGN_IDENTITY = "iPhone Developer";
				COPY_PHASE_STRIP = NO;
				DEBUG_INFORMATION_FORMAT = "dwarf-with-dsym";
				ENABLE_NS_ASSERTIONS = NO;
				ENABLE_STRICT_OBJC_MSGSEND = YES;
				GCC_C_LANGUAGE_STANDARD = gnu11;
				GCC_NO_COMMON_BLOCKS = YES;
				GCC_WARN_64_TO_32_BIT_CONVERSION = YES;
				GCC_WARN_ABOUT_RETURN_TYPE = YES_ERROR;
				GCC_WARN_UNDECLARED_SELECTOR = YES;
				GCC_WARN_UNINITIALIZED_AUTOS = YES_AGGRESSIVE;
				GCC_WARN_UNUSED_FUNCTION = YES;
				GCC_WARN_UNUSED_VARIABLE = YES;
				IPHONEOS_DEPLOYMENT_TARGET = 12.2;
				MTL_ENABLE_DEBUG_INFO = NO;
				MTL_FAST_MATH = YES;
				SDKROOT = iphoneos;
				SWIFT_COMPILATION_MODE = wholemodule;
				SWIFT_OPTIMIZATION_LEVEL = "-O";
				VALIDATE_PRODUCT = YES;
			};
			name = Release;
		};
		E50EB48C228C8FA100A0803D /* Debug */ = {
			isa = XCBuildConfiguration;
			buildSettings = {
				ASSETCATALOG_COMPILER_APPICON_NAME = AppIcon;
				CODE_SIGN_STYLE = Automatic;
				DEVELOPMENT_TEAM = 388H7JT48Y;
				INFOPLIST_FILE = "Detect-Objects-In-Path/Info.plist";
				LD_RUNPATH_SEARCH_PATHS = (
					"$(inherited)",
					"@executable_path/Frameworks",
				);
				PRODUCT_BUNDLE_IDENTIFIER = com.Zane;
				PRODUCT_NAME = "$(TARGET_NAME)";
				SWIFT_VERSION = 5.0;
				TARGETED_DEVICE_FAMILY = "1,2";
			};
			name = Debug;
		};
		E50EB48D228C8FA100A0803D /* Release */ = {
			isa = XCBuildConfiguration;
			buildSettings = {
				ASSETCATALOG_COMPILER_APPICON_NAME = AppIcon;
				CODE_SIGN_STYLE = Automatic;
				DEVELOPMENT_TEAM = 388H7JT48Y;
				INFOPLIST_FILE = "Detect-Objects-In-Path/Info.plist";
				LD_RUNPATH_SEARCH_PATHS = (
					"$(inherited)",
					"@executable_path/Frameworks",
				);
				PRODUCT_BUNDLE_IDENTIFIER = com.Zane;
				PRODUCT_NAME = "$(TARGET_NAME)";
				SWIFT_VERSION = 5.0;
				TARGETED_DEVICE_FAMILY = "1,2";
			};
			name = Release;
		};
/* End XCBuildConfiguration section */

/* Begin XCConfigurationList section */
		E50EB472228C8F9D00A0803D /* Build configuration list for PBXProject "Detect-Objects-In-Path" */ = {
			isa = XCConfigurationList;
			buildConfigurations = (
				E50EB489228C8FA100A0803D /* Debug */,
				E50EB48A228C8FA100A0803D /* Release */,
			);
			defaultConfigurationIsVisible = 0;
			defaultConfigurationName = Release;
		};
		E50EB48B228C8FA100A0803D /* Build configuration list for PBXNativeTarget "Detect-Objects-In-Path" */ = {
			isa = XCConfigurationList;
			buildConfigurations = (
				E50EB48C228C8FA100A0803D /* Debug */,
				E50EB48D228C8FA100A0803D /* Release */,
			);
			defaultConfigurationIsVisible = 0;
			defaultConfigurationName = Release;
		};
/* End XCConfigurationList section */
	};
	rootObject = E50EB46F228C8F9D00A0803D /* Project object */;
}
